
Microsoft Visual Studio Solution File, Format Version 12.00
# Visual Studio Version 17
VisualStudioVersion = 17.7.34031.279
MinimumVisualStudioVersion = 10.0.40219.1
Project("{9A19103F-16F7-4668-BE54-9A1E7A4F7556}") = "JagerGroupIS", "JagerGroupIS\JagerGroupIS.csproj", "{DDF9670B-0500-435C-B33E-6DFF4035D7E0}"
EndProject
Project("{9A19103F-16F7-4668-BE54-9A1E7A4F7556}") = "JagerGroupIS.Models", "JagerGroupIS.Models\JagerGroupIS.Models.csproj", "{FFE48CED-1428-4C79-B2BB-A1EDA2256619}"
EndProject
Project("{9A19103F-16F7-4668-BE54-9A1E7A4F7556}") = "JagerGroupIS.DiscordBot", "JagerGroupIS.DiscordBot\JagerGroupIS.DiscordBot.csproj", "{1B3279F2-0E92-44C4-8346-6FDFE2B35605}"
EndProject
Project("{9A19103F-16F7-4668-BE54-9A1E7A4F7556}") = "JagerGroupIS.DatabaseContext", "JagerGroupIS.DatabaseContext\JagerGroupIS.DatabaseContext.csproj", "{31EB72FB-99AA-4261-AE5B-1020D53189C8}"
EndProject
Project("{E53339B2-1760-4266-BCC7-CA923CBCF16C}") = "docker-compose", "docker-compose.dcproj", "{0DF19F6A-CE48-403B-A3D2-51DEE463DF25}"
EndProject
Global
	GlobalSection(SolutionConfigurationPlatforms) = preSolution
		Debug|Any CPU = Debug|Any CPU
		Release|Any CPU = Release|Any CPU
	EndGlobalSection
	GlobalSection(ProjectConfigurationPlatforms) = postSolution
		{DDF9670B-0500-435C-B33E-6DFF4035D7E0}.Debug|Any CPU.ActiveCfg = Debug|Any CPU
		{DDF9670B-0500-435C-B33E-6DFF4035D7E0}.Debug|Any CPU.Build.0 = Debug|Any CPU
		{DDF9670B-0500-435C-B33E-6DFF4035D7E0}.Release|Any CPU.ActiveCfg = Release|Any CPU
		{DDF9670B-0500-435C-B33E-6DFF4035D7E0}.Release|Any CPU.Build.0 = Release|Any CPU
		{FFE48CED-1428-4C79-B2BB-A1EDA2256619}.Debug|Any CPU.ActiveCfg = Debug|Any CPU
		{FFE48CED-1428-4C79-B2BB-A1EDA2256619}.Debug|Any CPU.Build.0 = Debug|Any CPU
		{FFE48CED-1428-4C79-B2BB-A1EDA2256619}.Release|Any CPU.ActiveCfg = Release|Any CPU
		{FFE48CED-1428-4C79-B2BB-A1EDA2256619}.Release|Any CPU.Build.0 = Release|Any CPU
		{1B3279F2-0E92-44C4-8346-6FDFE2B35605}.Debug|Any CPU.ActiveCfg = Debug|Any CPU
		{1B3279F2-0E92-44C4-8346-6FDFE2B35605}.Debug|Any CPU.Build.0 = Debug|Any CPU
		{1B3279F2-0E92-44C4-8346-6FDFE2B35605}.Release|Any CPU.ActiveCfg = Release|Any CPU
		{1B3279F2-0E92-44C4-8346-6FDFE2B35605}.Release|Any CPU.Build.0 = Release|Any CPU
		{31EB72FB-99AA-4261-AE5B-1020D53189C8}.Debug|Any CPU.ActiveCfg = Debug|Any CPU
		{31EB72FB-99AA-4261-AE5B-1020D53189C8}.Debug|Any CPU.Build.0 = Debug|Any CPU
		{31EB72FB-99AA-4261-AE5B-1020D53189C8}.Release|Any CPU.ActiveCfg = Release|Any CPU
		{31EB72FB-99AA-4261-AE5B-1020D53189C8}.Release|Any CPU.Build.0 = Release|Any CPU
		{0DF19F6A-CE48-403B-A3D2-51DEE463DF25}.Debug|Any CPU.ActiveCfg = Debug|Any CPU
		{0DF19F6A-CE48-403B-A3D2-51DEE463DF25}.Debug|Any CPU.Build.0 = Debug|Any CPU
		{0DF19F6A-CE48-403B-A3D2-51DEE463DF25}.Release|Any CPU.ActiveCfg = Release|Any CPU
		{0DF19F6A-CE48-403B-A3D2-51DEE463DF25}.Release|Any CPU.Build.0 = Release|Any CPU
	EndGlobalSection
	GlobalSection(SolutionProperties) = preSolution
		HideSolutionNode = FALSE
	EndGlobalSection
	GlobalSection(ExtensibilityGlobals) = postSolution
		SolutionGuid = {63252BF4-8B1B-42DA-BED9-B5361B279584}
	EndGlobalSection
EndGlobal
